
Microsoft Visual Studio Solution File, Format Version 12.00
Project("{FAE04EC0-301F-11D3-BF4B-00C04F79EFBC}") = "vortex-worlds", "vortex-worlds.csproj", "{FF33BAD2-B5FE-4861-8696-8C91506EECBF}"
EndProject
Global
	GlobalSection(SolutionConfigurationPlatforms) = preSolution
		Debug|Any CPU = Debug|Any CPU
		Release|Any CPU = Release|Any CPU
	EndGlobalSection
	GlobalSection(ProjectConfigurationPlatforms) = postSolution
		{FF33BAD2-B5FE-4861-8696-8C91506EECBF}.Debug|Any CPU.ActiveCfg = Debug|Any CPU
		{FF33BAD2-B5FE-4861-8696-8C91506EECBF}.Debug|Any CPU.Build.0 = Debug|Any CPU
		{FF33BAD2-B5FE-4861-8696-8C91506EECBF}.Release|Any CPU.ActiveCfg = Release|Any CPU
		{FF33BAD2-B5FE-4861-8696-8C91506EECBF}.Release|Any CPU.Build.0 = Release|Any CPU
	EndGlobalSection
EndGlobal
